
Microsoft Visual Studio Solution File, Format Version 12.00
# Visual Studio Version 17
VisualStudioVersion = 17.13.35828.75 d17.13
MinimumVisualStudioVersion = 10.0.40219.1
Project("{FAE04EC0-301F-11D3-BF4B-00C04F79EFBC}") = "Skincare.Repositories", "Skincare.Repositories\Skincare.Repositories.csproj", "{034D2657-08B6-137D-F4F6-C4866F1C08FF}"
EndProject
Project("{FAE04EC0-301F-11D3-BF4B-00C04F79EFBC}") = "Skincare.Services", "Skincare.Services\Skincare.Services.csproj", "{478F71E0-EF41-CEB5-8BA0-CF129EF91641}"
EndProject
Project("{FAE04EC0-301F-11D3-BF4B-00C04F79EFBC}") = "Skincare.MVCWebApp.AnhLD", "Skincare.MVCWebApp.AnhLD\Skincare.MVCWebApp.AnhLD.csproj", "{FAF5E070-80CF-4BDF-B205-13EC9F7583FC}"
EndProject
Global
	GlobalSection(SolutionConfigurationPlatforms) = preSolution
		Debug|Any CPU = Debug|Any CPU
		Release|Any CPU = Release|Any CPU
	EndGlobalSection
	GlobalSection(ProjectConfigurationPlatforms) = postSolution
		{034D2657-08B6-137D-F4F6-C4866F1C08FF}.Debug|Any CPU.ActiveCfg = Debug|Any CPU
		{034D2657-08B6-137D-F4F6-C4866F1C08FF}.Debug|Any CPU.Build.0 = Debug|Any CPU
		{034D2657-08B6-137D-F4F6-C4866F1C08FF}.Release|Any CPU.ActiveCfg = Release|Any CPU
		{034D2657-08B6-137D-F4F6-C4866F1C08FF}.Release|Any CPU.Build.0 = Release|Any CPU
		{478F71E0-EF41-CEB5-8BA0-CF129EF91641}.Debug|Any CPU.ActiveCfg = Debug|Any CPU
		{478F71E0-EF41-CEB5-8BA0-CF129EF91641}.Debug|Any CPU.Build.0 = Debug|Any CPU
		{478F71E0-EF41-CEB5-8BA0-CF129EF91641}.Release|Any CPU.ActiveCfg = Release|Any CPU
		{478F71E0-EF41-CEB5-8BA0-CF129EF91641}.Release|Any CPU.Build.0 = Release|Any CPU
		{FAF5E070-80CF-4BDF-B205-13EC9F7583FC}.Debug|Any CPU.ActiveCfg = Debug|Any CPU
		{FAF5E070-80CF-4BDF-B205-13EC9F7583FC}.Debug|Any CPU.Build.0 = Debug|Any CPU
		{FAF5E070-80CF-4BDF-B205-13EC9F7583FC}.Release|Any CPU.ActiveCfg = Release|Any CPU
		{FAF5E070-80CF-4BDF-B205-13EC9F7583FC}.Release|Any CPU.Build.0 = Release|Any CPU
	EndGlobalSection
	GlobalSection(SolutionProperties) = preSolution
		HideSolutionNode = FALSE
	EndGlobalSection
	GlobalSection(ExtensibilityGlobals) = postSolution
		SolutionGuid = {1214D401-2C94-498A-A110-D8C648420DDA}
	EndGlobalSection
EndGlobal
